
Microsoft Visual Studio Solution File, Format Version 12.00
# Visual Studio Version 17
VisualStudioVersion = 17.5.33530.505
MinimumVisualStudioVersion = 10.0.40219.1
Project("{FAE04EC0-301F-11D3-BF4B-00C04F79EFBC}") = "Autu", "Autu\Autu.csproj", "{CC0A646F-318A-49A8-A6D9-7A33D5D06E8A}"
EndProject
Global
	GlobalSection(SolutionConfigurationPlatforms) = preSolution
		Debug|Any CPU = Debug|Any CPU
		Release|Any CPU = Release|Any CPU
	EndGlobalSection
	GlobalSection(ProjectConfigurationPlatforms) = postSolution
		{CC0A646F-318A-49A8-A6D9-7A33D5D06E8A}.Debug|Any CPU.ActiveCfg = Debug|Any CPU
		{CC0A646F-318A-49A8-A6D9-7A33D5D06E8A}.Debug|Any CPU.Build.0 = Debug|Any CPU
		{CC0A646F-318A-49A8-A6D9-7A33D5D06E8A}.Release|Any CPU.ActiveCfg = Release|Any CPU
		{CC0A646F-318A-49A8-A6D9-7A33D5D06E8A}.Release|Any CPU.Build.0 = Release|Any CPU
	EndGlobalSection
	GlobalSection(SolutionProperties) = preSolution
		HideSolutionNode = FALSE
	EndGlobalSection
	GlobalSection(ExtensibilityGlobals) = postSolution
		SolutionGuid = {13737080-0EFF-4D43-9077-542036A30AB2}
	EndGlobalSection
EndGlobal
